
Microsoft Visual Studio Solution File, Format Version 12.00
# Visual Studio Version 17
VisualStudioVersion = 17.8.34511.84
MinimumVisualStudioVersion = 10.0.40219.1
Project("{FAE04EC0-301F-11D3-BF4B-00C04F79EFBC}") = "OOP-List-Of-Objects", "OOP-List-Of-Objects\OOP-List-Of-Objects.csproj", "{D0EF59B4-B3E2-4619-8249-D8FDE2ED31F7}"
EndProject
Global
	GlobalSection(SolutionConfigurationPlatforms) = preSolution
		Debug|Any CPU = Debug|Any CPU
		Release|Any CPU = Release|Any CPU
	EndGlobalSection
	GlobalSection(ProjectConfigurationPlatforms) = postSolution
		{D0EF59B4-B3E2-4619-8249-D8FDE2ED31F7}.Debug|Any CPU.ActiveCfg = Debug|Any CPU
		{D0EF59B4-B3E2-4619-8249-D8FDE2ED31F7}.Debug|Any CPU.Build.0 = Debug|Any CPU
		{D0EF59B4-B3E2-4619-8249-D8FDE2ED31F7}.Release|Any CPU.ActiveCfg = Release|Any CPU
		{D0EF59B4-B3E2-4619-8249-D8FDE2ED31F7}.Release|Any CPU.Build.0 = Release|Any CPU
	EndGlobalSection
	GlobalSection(SolutionProperties) = preSolution
		HideSolutionNode = FALSE
	EndGlobalSection
	GlobalSection(ExtensibilityGlobals) = postSolution
		SolutionGuid = {C4682C1D-6308-4B7A-BFBD-13F794416262}
	EndGlobalSection
EndGlobal
